// !$*UTF8*$!
{
	archiveVersion = 1;
	classes = {
	};
	objectVersion = 56;
	objects = {

/* Begin PBXBuildFile section */
		525995EB2CCA5924002475C7 /* ToastViewStyle.swift in Sources */ = {isa = PBXBuildFile; fileRef = 525995E72CCA5924002475C7 /* ToastViewStyle.swift */; };
		525995EC2CCA5924002475C7 /* ToastEnvironmentKey.swift in Sources */ = {isa = PBXBuildFile; fileRef = 525995E82CCA5924002475C7 /* ToastEnvironmentKey.swift */; };
		525995ED2CCA5924002475C7 /* View+.swift in Sources */ = {isa = PBXBuildFile; fileRef = 525995E92CCA5924002475C7 /* View+.swift */; };
		525995EE2CCA5924002475C7 /* ToastModifiers.swift in Sources */ = {isa = PBXBuildFile; fileRef = 525995EA2CCA5924002475C7 /* ToastModifiers.swift */; };
		526650F72CCA584A00A32093 /* ZToast.docc in Sources */ = {isa = PBXBuildFile; fileRef = 526650F62CCA584A00A32093 /* ZToast.docc */; };
		526650F82CCA584A00A32093 /* ZToast.h in Headers */ = {isa = PBXBuildFile; fileRef = 526650F52CCA584A00A32093 /* ZToast.h */; settings = {ATTRIBUTES = (Public, ); }; };
		526650FF2CCA587600A32093 /* Toast.swift in Sources */ = {isa = PBXBuildFile; fileRef = 526650FE2CCA587600A32093 /* Toast.swift */; };
		526651022CCA58A200A32093 /* DefaultToastStyle.swift in Sources */ = {isa = PBXBuildFile; fileRef = 526651012CCA58A200A32093 /* DefaultToastStyle.swift */; };
		526651042CCA58BC00A32093 /* SnackBarToastStyle.swift in Sources */ = {isa = PBXBuildFile; fileRef = 526651032CCA58BC00A32093 /* SnackBarToastStyle.swift */; };
/* End PBXBuildFile section */

/* Begin PBXFileReference section */
		525995E72CCA5924002475C7 /* ToastViewStyle.swift */ = {isa = PBXFileReference; fileEncoding = 4; lastKnownFileType = sourcecode.swift; name = ToastViewStyle.swift; path = ../../../ZToast/Sources/ZToast/ToastViewStyle.swift; sourceTree = "<group>"; };
		525995E82CCA5924002475C7 /* ToastEnvironmentKey.swift */ = {isa = PBXFileReference; fileEncoding = 4; lastKnownFileType = sourcecode.swift; name = ToastEnvironmentKey.swift; path = ../../../ZToast/Sources/ZToast/ToastEnvironmentKey.swift; sourceTree = "<group>"; };
		525995E92CCA5924002475C7 /* View+.swift */ = {isa = PBXFileReference; fileEncoding = 4; lastKnownFileType = sourcecode.swift; name = "View+.swift"; path = "../../../ZToast/Sources/ZToast/View+.swift"; sourceTree = "<group>"; };
		525995EA2CCA5924002475C7 /* ToastModifiers.swift */ = {isa = PBXFileReference; fileEncoding = 4; lastKnownFileType = sourcecode.swift; name = ToastModifiers.swift; path = ../../../ZToast/Sources/ZToast/ToastModifiers.swift; sourceTree = "<group>"; };
		526650F22CCA584A00A32093 /* ZToast.framework */ = {isa = PBXFileReference; explicitFileType = wrapper.framework; includeInIndex = 0; path = ZToast.framework; sourceTree = BUILT_PRODUCTS_DIR; };
		526650F52CCA584A00A32093 /* ZToast.h */ = {isa = PBXFileReference; lastKnownFileType = sourcecode.c.h; path = ZToast.h; sourceTree = "<group>"; };
		526650F62CCA584A00A32093 /* ZToast.docc */ = {isa = PBXFileReference; lastKnownFileType = folder.documentationcatalog; path = ZToast.docc; sourceTree = "<group>"; };
		526650FE2CCA587600A32093 /* Toast.swift */ = {isa = PBXFileReference; lastKnownFileType = sourcecode.swift; path = Toast.swift; sourceTree = "<group>"; };
		526651012CCA58A200A32093 /* DefaultToastStyle.swift */ = {isa = PBXFileReference; lastKnownFileType = sourcecode.swift; path = DefaultToastStyle.swift; sourceTree = "<group>"; };
		526651032CCA58BC00A32093 /* SnackBarToastStyle.swift */ = {isa = PBXFileReference; lastKnownFileType = sourcecode.swift; path = SnackBarToastStyle.swift; sourceTree = "<group>"; };
/* End PBXFileReference section */

/* Begin PBXFrameworksBuildPhase section */
		526650EF2CCA584A00A32093 /* Frameworks */ = {
			isa = PBXFrameworksBuildPhase;
			buildActionMask = 2147483647;
			files = (
			);
			runOnlyForDeploymentPostprocessing = 0;
		};
/* End PBXFrameworksBuildPhase section */

/* Begin PBXGroup section */
		526650E82CCA584A00A32093 = {
			isa = PBXGroup;
			children = (
				526650F42CCA584A00A32093 /* ZToast */,
				526650F32CCA584A00A32093 /* Products */,
			);
			sourceTree = "<group>";
		};
		526650F32CCA584A00A32093 /* Products */ = {
			isa = PBXGroup;
			children = (
				526650F22CCA584A00A32093 /* ZToast.framework */,
			);
			name = Products;
			sourceTree = "<group>";
		};
		526650F42CCA584A00A32093 /* ZToast */ = {
			isa = PBXGroup;
			children = (
				526651002CCA588E00A32093 /* ToastViewStyle */,
				526650FE2CCA587600A32093 /* Toast.swift */,
				525995E82CCA5924002475C7 /* ToastEnvironmentKey.swift */,
				525995EA2CCA5924002475C7 /* ToastModifiers.swift */,
				525995E72CCA5924002475C7 /* ToastViewStyle.swift */,
				525995E92CCA5924002475C7 /* View+.swift */,
				526650F52CCA584A00A32093 /* ZToast.h */,
				526650F62CCA584A00A32093 /* ZToast.docc */,
			);
			path = ZToast;
			sourceTree = "<group>";
		};
		526651002CCA588E00A32093 /* ToastViewStyle */ = {
			isa = PBXGroup;
			children = (
				526651012CCA58A200A32093 /* DefaultToastStyle.swift */,
				526651032CCA58BC00A32093 /* SnackBarToastStyle.swift */,
			);
			path = ToastViewStyle;
			sourceTree = "<group>";
		};
/* End PBXGroup section */

/* Begin PBXHeadersBuildPhase section */
		526650ED2CCA584A00A32093 /* Headers */ = {
			isa = PBXHeadersBuildPhase;
			buildActionMask = 2147483647;
			files = (
				526650F82CCA584A00A32093 /* ZToast.h in Headers */,
			);
			runOnlyForDeploymentPostprocessing = 0;
		};
/* End PBXHeadersBuildPhase section */

/* Begin PBXNativeTarget section */
		526650F12CCA584A00A32093 /* ZToast */ = {
			isa = PBXNativeTarget;
			buildConfigurationList = 526650FB2CCA584A00A32093 /* Build configuration list for PBXNativeTarget "ZToast" */;
			buildPhases = (
				526650ED2CCA584A00A32093 /* Headers */,
				526650EE2CCA584A00A32093 /* Sources */,
				526650EF2CCA584A00A32093 /* Frameworks */,
				526650F02CCA584A00A32093 /* Resources */,
			);
			buildRules = (
			);
			dependencies = (
			);
			name = ZToast;
			productName = ZToast;
			productReference = 526650F22CCA584A00A32093 /* ZToast.framework */;
			productType = "com.apple.product-type.framework";
		};
/* End PBXNativeTarget section */

/* Begin PBXProject section */
		526650E92CCA584A00A32093 /* Project object */ = {
			isa = PBXProject;
			attributes = {
				BuildIndependentTargetsInParallel = 1;
				LastUpgradeCheck = 1540;
				TargetAttributes = {
					526650F12CCA584A00A32093 = {
						CreatedOnToolsVersion = 15.4;
					};
				};
			};
			buildConfigurationList = 526650EC2CCA584A00A32093 /* Build configuration list for PBXProject "ZToast" */;
			compatibilityVersion = "Xcode 14.0";
			developmentRegion = en;
			hasScannedForEncodings = 0;
			knownRegions = (
				en,
				Base,
			);
			mainGroup = 526650E82CCA584A00A32093;
			productRefGroup = 526650F32CCA584A00A32093 /* Products */;
			projectDirPath = "";
			projectRoot = "";
			targets = (
				526650F12CCA584A00A32093 /* ZToast */,
			);
		};
/* End PBXProject section */

/* Begin PBXResourcesBuildPhase section */
		526650F02CCA584A00A32093 /* Resources */ = {
			isa = PBXResourcesBuildPhase;
			buildActionMask = 2147483647;
			files = (
			);
			runOnlyForDeploymentPostprocessing = 0;
		};
/* End PBXResourcesBuildPhase section */

/* Begin PBXSourcesBuildPhase section */
		526650EE2CCA584A00A32093 /* Sources */ = {
			isa = PBXSourcesBuildPhase;
			buildActionMask = 2147483647;
			files = (
				526651042CCA58BC00A32093 /* SnackBarToastStyle.swift in Sources */,
				526650F72CCA584A00A32093 /* ZToast.docc in Sources */,
				526650FF2CCA587600A32093 /* Toast.swift in Sources */,
				525995EC2CCA5924002475C7 /* ToastEnvironmentKey.swift in Sources */,
				525995EE2CCA5924002475C7 /* ToastModifiers.swift in Sources */,
				525995ED2CCA5924002475C7 /* View+.swift in Sources */,
				525995EB2CCA5924002475C7 /* ToastViewStyle.swift in Sources */,
				526651022CCA58A200A32093 /* DefaultToastStyle.swift in Sources */,
			);
			runOnlyForDeploymentPostprocessing = 0;
		};
/* End PBXSourcesBuildPhase section */

/* Begin XCBuildConfiguration section */
		526650F92CCA584A00A32093 /* Debug */ = {
			isa = XCBuildConfiguration;
			buildSettings = {
				ALWAYS_SEARCH_USER_PATHS = NO;
				ASSETCATALOG_COMPILER_GENERATE_SWIFT_ASSET_SYMBOL_EXTENSIONS = YES;
				CLANG_ANALYZER_NONNULL = YES;
				CLANG_ANALYZER_NUMBER_OBJECT_CONVERSION = YES_AGGRESSIVE;
				CLANG_CXX_LANGUAGE_STANDARD = "gnu++20";
				CLANG_ENABLE_MODULES = YES;
				CLANG_ENABLE_OBJC_ARC = YES;
				CLANG_ENABLE_OBJC_WEAK = YES;
				CLANG_WARN_BLOCK_CAPTURE_AUTORELEASING = YES;
				CLANG_WARN_BOOL_CONVERSION = YES;
				CLANG_WARN_COMMA = YES;
				CLANG_WARN_CONSTANT_CONVERSION = YES;
				CLANG_WARN_DEPRECATED_OBJC_IMPLEMENTATIONS = YES;
				CLANG_WARN_DIRECT_OBJC_ISA_USAGE = YES_ERROR;
				CLANG_WARN_DOCUMENTATION_COMMENTS = YES;
				CLANG_WARN_EMPTY_BODY = YES;
				CLANG_WARN_ENUM_CONVERSION = YES;
				CLANG_WARN_INFINITE_RECURSION = YES;
				CLANG_WARN_INT_CONVERSION = YES;
				CLANG_WARN_NON_LITERAL_NULL_CONVERSION = YES;
				CLANG_WARN_OBJC_IMPLICIT_RETAIN_SELF = YES;
				CLANG_WARN_OBJC_LITERAL_CONVERSION = YES;
				CLANG_WARN_OBJC_ROOT_CLASS = YES_ERROR;
				CLANG_WARN_QUOTED_INCLUDE_IN_FRAMEWORK_HEADER = YES;
				CLANG_WARN_RANGE_LOOP_ANALYSIS = YES;
				CLANG_WARN_STRICT_PROTOTYPES = YES;
				CLANG_WARN_SUSPICIOUS_MOVE = YES;
				CLANG_WARN_UNGUARDED_AVAILABILITY = YES_AGGRESSIVE;
				CLANG_WARN_UNREACHABLE_CODE = YES;
				CLANG_WARN__DUPLICATE_METHOD_MATCH = YES;
				COPY_PHASE_STRIP = NO;
				CURRENT_PROJECT_VERSION = 1;
				DEBUG_INFORMATION_FORMAT = dwarf;
				ENABLE_STRICT_OBJC_MSGSEND = YES;
				ENABLE_TESTABILITY = YES;
				ENABLE_USER_SCRIPT_SANDBOXING = YES;
				GCC_C_LANGUAGE_STANDARD = gnu17;
				GCC_DYNAMIC_NO_PIC = NO;
				GCC_NO_COMMON_BLOCKS = YES;
				GCC_OPTIMIZATION_LEVEL = 0;
				GCC_PREPROCESSOR_DEFINITIONS = (
					"DEBUG=1",
					"$(inherited)",
				);
				GCC_WARN_64_TO_32_BIT_CONVERSION = YES;
				GCC_WARN_ABOUT_RETURN_TYPE = YES_ERROR;
				GCC_WARN_UNDECLARED_SELECTOR = YES;
				GCC_WARN_UNINITIALIZED_AUTOS = YES_AGGRESSIVE;
				GCC_WARN_UNUSED_FUNCTION = YES;
				GCC_WARN_UNUSED_VARIABLE = YES;
				IPHONEOS_DEPLOYMENT_TARGET = 16.0;
				LOCALIZATION_PREFERS_STRING_CATALOGS = YES;
				MTL_ENABLE_DEBUG_INFO = INCLUDE_SOURCE;
				MTL_FAST_MATH = YES;
				ONLY_ACTIVE_ARCH = YES;
				SWIFT_ACTIVE_COMPILATION_CONDITIONS = "DEBUG $(inherited)";
				SWIFT_OPTIMIZATION_LEVEL = "-Onone";
				VERSIONING_SYSTEM = "apple-generic";
				VERSION_INFO_PREFIX = "";
			};
			name = Debug;
		};
		526650FA2CCA584A00A32093 /* Release */ = {
			isa = XCBuildConfiguration;
			buildSettings = {
				ALWAYS_SEARCH_USER_PATHS = NO;
				ASSETCATALOG_COMPILER_GENERATE_SWIFT_ASSET_SYMBOL_EXTENSIONS = YES;
				CLANG_ANALYZER_NONNULL = YES;
				CLANG_ANALYZER_NUMBER_OBJECT_CONVERSION = YES_AGGRESSIVE;
				CLANG_CXX_LANGUAGE_STANDARD = "gnu++20";
				CLANG_ENABLE_MODULES = YES;
				CLANG_ENABLE_OBJC_ARC = YES;
				CLANG_ENABLE_OBJC_WEAK = YES;
				CLANG_WARN_BLOCK_CAPTURE_AUTORELEASING = YES;
				CLANG_WARN_BOOL_CONVERSION = YES;
				CLANG_WARN_COMMA = YES;
				CLANG_WARN_CONSTANT_CONVERSION = YES;
				CLANG_WARN_DEPRECATED_OBJC_IMPLEMENTATIONS = YES;
				CLANG_WARN_DIRECT_OBJC_ISA_USAGE = YES_ERROR;
				CLANG_WARN_DOCUMENTATION_COMMENTS = YES;
				CLANG_WARN_EMPTY_BODY = YES;
				CLANG_WARN_ENUM_CONVERSION = YES;
				CLANG_WARN_INFINITE_RECURSION = YES;
				CLANG_WARN_INT_CONVERSION = YES;
				CLANG_WARN_NON_LITERAL_NULL_CONVERSION = YES;
				CLANG_WARN_OBJC_IMPLICIT_RETAIN_SELF = YES;
				CLANG_WARN_OBJC_LITERAL_CONVERSION = YES;
				CLANG_WARN_OBJC_ROOT_CLASS = YES_ERROR;
				CLANG_WARN_QUOTED_INCLUDE_IN_FRAMEWORK_HEADER = YES;
				CLANG_WARN_RANGE_LOOP_ANALYSIS = YES;
				CLANG_WARN_STRICT_PROTOTYPES = YES;
				CLANG_WARN_SUSPICIOUS_MOVE = YES;
				CLANG_WARN_UNGUARDED_AVAILABILITY = YES_AGGRESSIVE;
				CLANG_WARN_UNREACHABLE_CODE = YES;
				CLANG_WARN__DUPLICATE_METHOD_MATCH = YES;
				COPY_PHASE_STRIP = NO;
				CURRENT_PROJECT_VERSION = 1;
				DEBUG_INFORMATION_FORMAT = "dwarf-with-dsym";
				ENABLE_NS_ASSERTIONS = NO;
				ENABLE_STRICT_OBJC_MSGSEND = YES;
				ENABLE_USER_SCRIPT_SANDBOXING = YES;
				GCC_C_LANGUAGE_STANDARD = gnu17;
				GCC_NO_COMMON_BLOCKS = YES;
				GCC_WARN_64_TO_32_BIT_CONVERSION = YES;
				GCC_WARN_ABOUT_RETURN_TYPE = YES_ERROR;
				GCC_WARN_UNDECLARED_SELECTOR = YES;
				GCC_WARN_UNINITIALIZED_AUTOS = YES_AGGRESSIVE;
				GCC_WARN_UNUSED_FUNCTION = YES;
				GCC_WARN_UNUSED_VARIABLE = YES;
				IPHONEOS_DEPLOYMENT_TARGET = 16.0;
				LOCALIZATION_PREFERS_STRING_CATALOGS = YES;
				MTL_ENABLE_DEBUG_INFO = NO;
				MTL_FAST_MATH = YES;
				SWIFT_COMPILATION_MODE = wholemodule;
				VERSIONING_SYSTEM = "apple-generic";
				VERSION_INFO_PREFIX = "";
			};
			name = Release;
		};
		526650FC2CCA584A00A32093 /* Debug */ = {
			isa = XCBuildConfiguration;
			buildSettings = {
				ALLOW_TARGET_PLATFORM_SPECIALIZATION = YES;
				BUILD_LIBRARY_FOR_DISTRIBUTION = YES;
				CODE_SIGN_STYLE = Automatic;
				CURRENT_PROJECT_VERSION = 1;
				DEFINES_MODULE = YES;
				DEVELOPMENT_TEAM = SRKA3M5T33;
				DYLIB_COMPATIBILITY_VERSION = 1;
				DYLIB_CURRENT_VERSION = 1;
				DYLIB_INSTALL_NAME_BASE = "@rpath";
				ENABLE_MODULE_VERIFIER = YES;
				GENERATE_INFOPLIST_FILE = YES;
				INFOPLIST_KEY_NSHumanReadableCopyright = "";
				INSTALL_PATH = "$(LOCAL_LIBRARY_DIR)/Frameworks";
				IPHONEOS_DEPLOYMENT_TARGET = 16.0;
				LD_RUNPATH_SEARCH_PATHS = (
					"@executable_path/Frameworks",
					"@loader_path/Frameworks",
				);
				"LD_RUNPATH_SEARCH_PATHS[sdk=macosx*]" = (
					"@executable_path/../Frameworks",
					"@loader_path/Frameworks",
				);
				MACOSX_DEPLOYMENT_TARGET = 14.5;
				MARKETING_VERSION = 1.0;
				MODULE_VERIFIER_SUPPORTED_LANGUAGES = "objective-c objective-c++";
				MODULE_VERIFIER_SUPPORTED_LANGUAGE_STANDARDS = "gnu17 gnu++20";
				PRODUCT_BUNDLE_IDENTIFIER = com.learn.ZToast;
				PRODUCT_NAME = "$(TARGET_NAME:c99extidentifier)";
				SDKROOT = auto;
				SKIP_INSTALL = NO;
				SUPPORTED_PLATFORMS = "iphoneos iphonesimulator";
				SUPPORTS_MACCATALYST = NO;
				SWIFT_EMIT_LOC_STRINGS = YES;
				SWIFT_INSTALL_OBJC_HEADER = NO;
				SWIFT_VERSION = 5.0;
				TARGETED_DEVICE_FAMILY = "1,2";
			};
			name = Debug;
		};
		526650FD2CCA584A00A32093 /* Release */ = {
			isa = XCBuildConfiguration;
			buildSettings = {
				ALLOW_TARGET_PLATFORM_SPECIALIZATION = YES;
				BUILD_LIBRARY_FOR_DISTRIBUTION = YES;
				CODE_SIGN_STYLE = Automatic;
				CURRENT_PROJECT_VERSION = 1;
				DEFINES_MODULE = YES;
				DEVELOPMENT_TEAM = SRKA3M5T33;
				DYLIB_COMPATIBILITY_VERSION = 1;
				DYLIB_CURRENT_VERSION = 1;
				DYLIB_INSTALL_NAME_BASE = "@rpath";
				ENABLE_MODULE_VERIFIER = YES;
				GENERATE_INFOPLIST_FILE = YES;
				INFOPLIST_KEY_NSHumanReadableCopyright = "";
				INSTALL_PATH = "$(LOCAL_LIBRARY_DIR)/Frameworks";
				IPHONEOS_DEPLOYMENT_TARGET = 16.0;
				LD_RUNPATH_SEARCH_PATHS = (
					"@executable_path/Frameworks",
					"@loader_path/Frameworks",
				);
				"LD_RUNPATH_SEARCH_PATHS[sdk=macosx*]" = (
					"@executable_path/../Frameworks",
					"@loader_path/Frameworks",
				);
				MACOSX_DEPLOYMENT_TARGET = 14.5;
				MARKETING_VERSION = 1.0;
				MODULE_VERIFIER_SUPPORTED_LANGUAGES = "objective-c objective-c++";
				MODULE_VERIFIER_SUPPORTED_LANGUAGE_STANDARDS = "gnu17 gnu++20";
				PRODUCT_BUNDLE_IDENTIFIER = com.learn.ZToast;
				PRODUCT_NAME = "$(TARGET_NAME:c99extidentifier)";
				SDKROOT = auto;
				SKIP_INSTALL = NO;
				SUPPORTED_PLATFORMS = "iphoneos iphonesimulator";
				SUPPORTS_MACCATALYST = NO;
				SWIFT_EMIT_LOC_STRINGS = YES;
				SWIFT_INSTALL_OBJC_HEADER = NO;
				SWIFT_VERSION = 5.0;
				TARGETED_DEVICE_FAMILY = "1,2";
			};
			name = Release;
		};
/* End XCBuildConfiguration section */

/* Begin XCConfigurationList section */
		526650EC2CCA584A00A32093 /* Build configuration list for PBXProject "ZToast" */ = {
			isa = XCConfigurationList;
			buildConfigurations = (
				526650F92CCA584A00A32093 /* Debug */,
				526650FA2CCA584A00A32093 /* Release */,
			);
			defaultConfigurationIsVisible = 0;
			defaultConfigurationName = Release;
		};
		526650FB2CCA584A00A32093 /* Build configuration list for PBXNativeTarget "ZToast" */ = {
			isa = XCConfigurationList;
			buildConfigurations = (
				526650FC2CCA584A00A32093 /* Debug */,
				526650FD2CCA584A00A32093 /* Release */,
			);
			defaultConfigurationIsVisible = 0;
			defaultConfigurationName = Release;
		};
/* End XCConfigurationList section */
	};
	rootObject = 526650E92CCA584A00A32093 /* Project object */;
}
